PODS:
  - AEXML (4.0.0)
  - Nimble (5.0.0)
  - Quick (0.10.0)
  - TrackKit (1.2.0):
    - AEXML (~> 4.0)

DEPENDENCIES:
  - Nimble (~> 5.0.0)
  - Quick (~> 0.10.0)
  - TrackKit (from `../`)

EXTERNAL SOURCES:
  TrackKit:
    :path: "../"

SPEC CHECKSUMS:
  AEXML: 6fc6433aa35bdc15dd8eb8d54eb7aa4520a010eb
  Nimble: 56fc9f5020effa2206de22c3dd910f4fb011b92f
  Quick: 5d290df1c69d5ee2f0729956dcf0fd9a30447eaa
  TrackKit: 4389e39d5c54afc1b92e9e88df3ea1f72fbf6e8d

PODFILE CHECKSUM: d154ce572db62f627e346adc5bb0ade7403d4b50

COCOAPODS: 1.1.0.rc.2
