PODS:
  - AEXML (4.3.3)
  - Nimble (7.3.1)
  - Quick (1.3.2)
  - TrackKit (2.4.0):
    - AEXML (~> 4.3)

DEPENDENCIES:
  - Nimble (~> 7.3)
  - Quick (~> 1.3)
  - TrackKit (from `../`)

SPEC REPOS:
  https://github.com/cocoapods/specs.git:
    - AEXML
    - Nimble
    - Quick

EXTERNAL SOURCES:
  TrackKit:
    :path: "../"

SPEC CHECKSUMS:
  AEXML: 601f41fcaa7bda7605cad153b0f43db9ec006c0f
  Nimble: 04f732da099ea4d153122aec8c2a88fd0c7219ae
  Quick: 2623cb30d7a7f41ca62f684f679586558f483d46
  TrackKit: 809fa00a844c380925bd9e333bf2e6effd719ab0

PODFILE CHECKSUM: cfd7f5b816ff80492fc65655a65a73891d59f067

COCOAPODS: 1.7.5
