// !$*UTF8*$!
{
	archiveVersion = 1;
	classes = {
	};
	objectVersion = 46;
	objects = {

/* Begin PBXBuildFile section */
		04206A081E16560800B428C2 /* LOCCommonsSpecs.swift in Sources */ = {isa = PBXBuildFile; fileRef = 04206A071E16560800B428C2 /* LOCCommonsSpecs.swift */; };
		04206A0A1E1657EF00B428C2 /* LOCWaypointSpecs.swift in Sources */ = {isa = PBXBuildFile; fileRef = 04206A091E1657EF00B428C2 /* LOCWaypointSpecs.swift */; };
		04206A191E1668CD00B428C2 /* GPXLegacyCommonSpecs.swift in Sources */ = {isa = PBXBuildFile; fileRef = 04206A141E1668CD00B428C2 /* GPXLegacyCommonSpecs.swift */; };
		04206A1B1E1668CD00B428C2 /* GPXLegacyRouteSpecs.swift in Sources */ = {isa = PBXBuildFile; fileRef = 04206A161E1668CD00B428C2 /* GPXLegacyRouteSpecs.swift */; };
		04206A1C1E1668CD00B428C2 /* GPXLegacyTrackSpecs.swift in Sources */ = {isa = PBXBuildFile; fileRef = 04206A171E1668CD00B428C2 /* GPXLegacyTrackSpecs.swift */; };
		04206A1D1E1668CD00B428C2 /* GPXLegacyWaypointSpecs.swift in Sources */ = {isa = PBXBuildFile; fileRef = 04206A181E1668CD00B428C2 /* GPXLegacyWaypointSpecs.swift */; };
		04206A211E1670DD00B428C2 /* LOCParserSpecs.swift in Sources */ = {isa = PBXBuildFile; fileRef = 04206A201E1670DD00B428C2 /* LOCParserSpecs.swift */; };
		042B2F7A1DA18E51003B5E7D /* TCXCourseSpecs.swift in Sources */ = {isa = PBXBuildFile; fileRef = 042B2F791DA18E51003B5E7D /* TCXCourseSpecs.swift */; };
		042B2F881DA21F47003B5E7D /* TCXActivitySpecs.swift in Sources */ = {isa = PBXBuildFile; fileRef = 042B2F871DA21F47003B5E7D /* TCXActivitySpecs.swift */; };
		046664D21EE09DE7009701B1 /* NMEAParserSpec.swift in Sources */ = {isa = PBXBuildFile; fileRef = 046664D11EE09DE7009701B1 /* NMEAParserSpec.swift */; };
		046664D61EE0BAE3009701B1 /* NMEAGPGGASpec.swift in Sources */ = {isa = PBXBuildFile; fileRef = 046664D51EE0BAE3009701B1 /* NMEAGPGGASpec.swift */; };
		048429DC1EE57AC00079488F /* NMEAGPRMCSpec.swift in Sources */ = {isa = PBXBuildFile; fileRef = 048429DB1EE57AC00079488F /* NMEAGPRMCSpec.swift */; };
		048429DE1EE58C950079488F /* NMEAGPGLLSpec.swift in Sources */ = {isa = PBXBuildFile; fileRef = 048429DD1EE58C950079488F /* NMEAGPGLLSpec.swift */; };
		048429E01EE681F70079488F /* NMEAGPWPLSpec.swift in Sources */ = {isa = PBXBuildFile; fileRef = 048429DF1EE681F70079488F /* NMEAGPWPLSpec.swift */; };
		57CB427F3D1D0F85BCA64C6D /* Pods_Tests.framework in Frameworks */ = {isa = PBXBuildFile; fileRef = 984006F70FD90E9F93A1BE3D /* Pods_Tests.framework */; };
		607FACEC1AFB9204008FA782 /* GPXCommonSpecs.swift in Sources */ = {isa = PBXBuildFile; fileRef = 607FACEB1AFB9204008FA782 /* GPXCommonSpecs.swift */; };
		6297A9A21C98C36D00686120 /* GPXWaypointSpecs.swift in Sources */ = {isa = PBXBuildFile; fileRef = 6297A9A11C98C36D00686120 /* GPXWaypointSpecs.swift */; };
		6297A9A51C98C4D500686120 /* GPXRouteSpecs.swift in Sources */ = {isa = PBXBuildFile; fileRef = 6297A9A41C98C4D500686120 /* GPXRouteSpecs.swift */; };
		6297A9A71C98C69000686120 /* GPXTrackSpecs.swift in Sources */ = {isa = PBXBuildFile; fileRef = 6297A9A61C98C69000686120 /* GPXTrackSpecs.swift */; };
		6297A9C01C99611400686120 /* GPXParserSpecs.swift in Sources */ = {isa = PBXBuildFile; fileRef = 6297A9BF1C99611400686120 /* GPXParserSpecs.swift */; };
		62BB32D91D9DAEE100310CF9 /* TrackTypeSpecs.swift in Sources */ = {isa = PBXBuildFile; fileRef = 62BB32D81D9DAEE100310CF9 /* TrackTypeSpecs.swift */; };
		62BB32DC1D9DB45D00310CF9 /* TCXParserSpecs.swift in Sources */ = {isa = PBXBuildFile; fileRef = 62BB32DB1D9DB45D00310CF9 /* TCXParserSpecs.swift */; };
		62BB32DE1D9E353100310CF9 /* TCXCommonSpecs.swift in Sources */ = {isa = PBXBuildFile; fileRef = 62BB32DD1D9E353100310CF9 /* TCXCommonSpecs.swift */; };
		9D8F1833200A45E2004CDECE /* FITGarminRunSpecs.swift in Sources */ = {isa = PBXBuildFile; fileRef = 9D8F1832200A45E2004CDECE /* FITGarminRunSpecs.swift */; };
		9D969726200AA2FB00C0061C /* Garmin Run.fit in Resources */ = {isa = PBXBuildFile; fileRef = 9D969725200AA2FB00C0061C /* Garmin Run.fit */; };
		9DFB69C41FDD47D20010D5DE /* TRACKParserSpecs.swift in Sources */ = {isa = PBXBuildFile; fileRef = 9DFB69BF1FDD47D20010D5DE /* TRACKParserSpecs.swift */; };
		9DFB69C81FDD47D20010D5DE /* TRACKTrackSpecs.swift in Sources */ = {isa = PBXBuildFile; fileRef = 9DFB69C31FDD47D20010D5DE /* TRACKTrackSpecs.swift */; };
/* End PBXBuildFile section */

/* Begin PBXFileReference section */
		04206A071E16560800B428C2 /* LOCCommonsSpecs.swift */ = {isa = PBXFileReference; fileEncoding = 4; lastKnownFileType = sourcecode.swift; path = LOCCommonsSpecs.swift; sourceTree = "<group>"; };
		04206A091E1657EF00B428C2 /* LOCWaypointSpecs.swift */ = {isa = PBXFileReference; fileEncoding = 4; lastKnownFileType = sourcecode.swift; path = LOCWaypointSpecs.swift; sourceTree = "<group>"; };
		04206A141E1668CD00B428C2 /* GPXLegacyCommonSpecs.swift */ = {isa = PBXFileReference; fileEncoding = 4; lastKnownFileType = sourcecode.swift; path = GPXLegacyCommonSpecs.swift; sourceTree = "<group>"; };
		04206A161E1668CD00B428C2 /* GPXLegacyRouteSpecs.swift */ = {isa = PBXFileReference; fileEncoding = 4; lastKnownFileType = sourcecode.swift; path = GPXLegacyRouteSpecs.swift; sourceTree = "<group>"; };
		04206A171E1668CD00B428C2 /* GPXLegacyTrackSpecs.swift */ = {isa = PBXFileReference; fileEncoding = 4; lastKnownFileType = sourcecode.swift; path = GPXLegacyTrackSpecs.swift; sourceTree = "<group>"; };
		04206A181E1668CD00B428C2 /* GPXLegacyWaypointSpecs.swift */ = {isa = PBXFileReference; fileEncoding = 4; lastKnownFileType = sourcecode.swift; path = GPXLegacyWaypointSpecs.swift; sourceTree = "<group>"; };
		04206A201E1670DD00B428C2 /* LOCParserSpecs.swift */ = {isa = PBXFileReference; fileEncoding = 4; lastKnownFileType = sourcecode.swift; path = LOCParserSpecs.swift; sourceTree = "<group>"; };
		042B2F791DA18E51003B5E7D /* TCXCourseSpecs.swift */ = {isa = PBXFileReference; fileEncoding = 4; lastKnownFileType = sourcecode.swift; path = TCXCourseSpecs.swift; sourceTree = "<group>"; };
		042B2F871DA21F47003B5E7D /* TCXActivitySpecs.swift */ = {isa = PBXFileReference; fileEncoding = 4; lastKnownFileType = sourcecode.swift; path = TCXActivitySpecs.swift; sourceTree = "<group>"; };
		046664D11EE09DE7009701B1 /* NMEAParserSpec.swift */ = {isa = PBXFileReference; fileEncoding = 4; lastKnownFileType = sourcecode.swift; path = NMEAParserSpec.swift; sourceTree = "<group>"; };
		046664D51EE0BAE3009701B1 /* NMEAGPGGASpec.swift */ = {isa = PBXFileReference; fileEncoding = 4; lastKnownFileType = sourcecode.swift; path = NMEAGPGGASpec.swift; sourceTree = "<group>"; };
		048429DB1EE57AC00079488F /* NMEAGPRMCSpec.swift */ = {isa = PBXFileReference; fileEncoding = 4; lastKnownFileType = sourcecode.swift; path = NMEAGPRMCSpec.swift; sourceTree = "<group>"; };
		048429DD1EE58C950079488F /* NMEAGPGLLSpec.swift */ = {isa = PBXFileReference; fileEncoding = 4; lastKnownFileType = sourcecode.swift; path = NMEAGPGLLSpec.swift; sourceTree = "<group>"; };
		048429DF1EE681F70079488F /* NMEAGPWPLSpec.swift */ = {isa = PBXFileReference; fileEncoding = 4; lastKnownFileType = sourcecode.swift; path = NMEAGPWPLSpec.swift; sourceTree = "<group>"; };
		607FACE51AFB9204008FA782 /* Tests.xctest */ = {isa = PBXFileReference; explicitFileType = wrapper.cfbundle; includeInIndex = 0; path = Tests.xctest; sourceTree = BUILT_PRODUCTS_DIR; };
		607FACEA1AFB9204008FA782 /* Info.plist */ = {isa = PBXFileReference; lastKnownFileType = text.plist.xml; path = Info.plist; sourceTree = "<group>"; };
		607FACEB1AFB9204008FA782 /* GPXCommonSpecs.swift */ = {isa = PBXFileReference; lastKnownFileType = sourcecode.swift; path = GPXCommonSpecs.swift; sourceTree = "<group>"; };
		6297A9A11C98C36D00686120 /* GPXWaypointSpecs.swift */ = {isa = PBXFileReference; fileEncoding = 4; lastKnownFileType = sourcecode.swift; path = GPXWaypointSpecs.swift; sourceTree = "<group>"; };
		6297A9A41C98C4D500686120 /* GPXRouteSpecs.swift */ = {isa = PBXFileReference; fileEncoding = 4; lastKnownFileType = sourcecode.swift; path = GPXRouteSpecs.swift; sourceTree = "<group>"; };
		6297A9A61C98C69000686120 /* GPXTrackSpecs.swift */ = {isa = PBXFileReference; fileEncoding = 4; lastKnownFileType = sourcecode.swift; path = GPXTrackSpecs.swift; sourceTree = "<group>"; };
		6297A9BF1C99611400686120 /* GPXParserSpecs.swift */ = {isa = PBXFileReference; fileEncoding = 4; lastKnownFileType = sourcecode.swift; name = GPXParserSpecs.swift; path = 1.1/GPXParserSpecs.swift; sourceTree = "<group>"; };
		62BB32D81D9DAEE100310CF9 /* TrackTypeSpecs.swift */ = {isa = PBXFileReference; fileEncoding = 4; lastKnownFileType = sourcecode.swift; path = TrackTypeSpecs.swift; sourceTree = "<group>"; };
		62BB32DB1D9DB45D00310CF9 /* TCXParserSpecs.swift */ = {isa = PBXFileReference; fileEncoding = 4; lastKnownFileType = sourcecode.swift; path = TCXParserSpecs.swift; sourceTree = "<group>"; };
		62BB32DD1D9E353100310CF9 /* TCXCommonSpecs.swift */ = {isa = PBXFileReference; fileEncoding = 4; lastKnownFileType = sourcecode.swift; path = TCXCommonSpecs.swift; sourceTree = "<group>"; };
		665F56686FD17F949265EFBE /* Pods-Tests.release.xcconfig */ = {isa = PBXFileReference; includeInIndex = 1; lastKnownFileType = text.xcconfig; name = "Pods-Tests.release.xcconfig"; path = "Pods/Target Support Files/Pods-Tests/Pods-Tests.release.xcconfig"; sourceTree = "<group>"; };
		984006F70FD90E9F93A1BE3D /* Pods_Tests.framework */ = {isa = PBXFileReference; explicitFileType = wrapper.framework; includeInIndex = 0; path = Pods_Tests.framework; sourceTree = BUILT_PRODUCTS_DIR; };
		9D8F1832200A45E2004CDECE /* FITGarminRunSpecs.swift */ = {isa = PBXFileReference; lastKnownFileType = sourcecode.swift; path = FITGarminRunSpecs.swift; sourceTree = "<group>"; };
		9D969725200AA2FB00C0061C /* Garmin Run.fit */ = {isa = PBXFileReference; lastKnownFileType = file; path = "Garmin Run.fit"; sourceTree = "<group>"; };
		9DFB69BF1FDD47D20010D5DE /* TRACKParserSpecs.swift */ = {isa = PBXFileReference; fileEncoding = 4; lastKnownFileType = sourcecode.swift; path = TRACKParserSpecs.swift; sourceTree = "<group>"; };
		9DFB69C31FDD47D20010D5DE /* TRACKTrackSpecs.swift */ = {isa = PBXFileReference; fileEncoding = 4; lastKnownFileType = sourcecode.swift; path = TRACKTrackSpecs.swift; sourceTree = "<group>"; };
		C4C8C01305652FF95E8FF758 /* Pods-Tests.debug.xcconfig */ = {isa = PBXFileReference; includeInIndex = 1; lastKnownFileType = text.xcconfig; name = "Pods-Tests.debug.xcconfig"; path = "Pods/Target Support Files/Pods-Tests/Pods-Tests.debug.xcconfig"; sourceTree = "<group>"; };
/* End PBXFileReference section */

/* Begin PBXFrameworksBuildPhase section */
		607FACE21AFB9204008FA782 /* Frameworks */ = {
			isa = PBXFrameworksBuildPhase;
			buildActionMask = 2147483647;
			files = (
				57CB427F3D1D0F85BCA64C6D /* Pods_Tests.framework in Frameworks */,
			);
			runOnlyForDeploymentPostprocessing = 0;
		};
/* End PBXFrameworksBuildPhase section */

/* Begin PBXGroup section */
		04206A031E1653AE00B428C2 /* LOC */ = {
			isa = PBXGroup;
			children = (
				04206A071E16560800B428C2 /* LOCCommonsSpecs.swift */,
				04206A201E1670DD00B428C2 /* LOCParserSpecs.swift */,
				04206A091E1657EF00B428C2 /* LOCWaypointSpecs.swift */,
			);
			path = LOC;
			sourceTree = "<group>";
		};
		04206A121E16686D00B428C2 /* 1.1 */ = {
			isa = PBXGroup;
			children = (
				607FACEB1AFB9204008FA782 /* GPXCommonSpecs.swift */,
				6297A9A41C98C4D500686120 /* GPXRouteSpecs.swift */,
				6297A9A61C98C69000686120 /* GPXTrackSpecs.swift */,
				6297A9A11C98C36D00686120 /* GPXWaypointSpecs.swift */,
			);
			path = 1.1;
			sourceTree = "<group>";
		};
		04206A131E1668CD00B428C2 /* 1.0 */ = {
			isa = PBXGroup;
			children = (
				04206A141E1668CD00B428C2 /* GPXLegacyCommonSpecs.swift */,
				04206A161E1668CD00B428C2 /* GPXLegacyRouteSpecs.swift */,
				04206A171E1668CD00B428C2 /* GPXLegacyTrackSpecs.swift */,
				04206A181E1668CD00B428C2 /* GPXLegacyWaypointSpecs.swift */,
			);
			path = 1.0;
			sourceTree = "<group>";
		};
		046664D01EE09DD0009701B1 /* NMEA */ = {
			isa = PBXGroup;
			children = (
				046664D51EE0BAE3009701B1 /* NMEAGPGGASpec.swift */,
				048429DD1EE58C950079488F /* NMEAGPGLLSpec.swift */,
				048429DB1EE57AC00079488F /* NMEAGPRMCSpec.swift */,
				048429DF1EE681F70079488F /* NMEAGPWPLSpec.swift */,
				046664D11EE09DE7009701B1 /* NMEAParserSpec.swift */,
			);
			path = NMEA;
			sourceTree = "<group>";
		};
		1CA71EAB14E6DF3E0D0295DB /* Frameworks */ = {
			isa = PBXGroup;
			children = (
				984006F70FD90E9F93A1BE3D /* Pods_Tests.framework */,
			);
			name = Frameworks;
			sourceTree = "<group>";
		};
		607FACC71AFB9204008FA782 = {
			isa = PBXGroup;
			children = (
				607FACE81AFB9204008FA782 /* Tests */,
				607FACD11AFB9204008FA782 /* Products */,
				A359B82BC7B57415AD192386 /* Pods */,
				1CA71EAB14E6DF3E0D0295DB /* Frameworks */,
			);
			sourceTree = "<group>";
		};
		607FACD11AFB9204008FA782 /* Products */ = {
			isa = PBXGroup;
			children = (
				607FACE51AFB9204008FA782 /* Tests.xctest */,
			);
			name = Products;
			sourceTree = "<group>";
		};
		607FACE81AFB9204008FA782 /* Tests */ = {
			isa = PBXGroup;
			children = (
				6297A9A31C98C37700686120 /* Tests */,
				607FACE91AFB9204008FA782 /* Supporting Files */,
			);
			path = Tests;
			sourceTree = "<group>";
		};
		607FACE91AFB9204008FA782 /* Supporting Files */ = {
			isa = PBXGroup;
			children = (
				607FACEA1AFB9204008FA782 /* Info.plist */,
			);
			path = "Supporting Files";
			sourceTree = "<group>";
		};
		6297A9A31C98C37700686120 /* Tests */ = {
			isa = PBXGroup;
			children = (
				9D27D20920029DF400031749 /* FIT */,
				62BB32D31D9C29B600310CF9 /* GPX */,
				04206A031E1653AE00B428C2 /* LOC */,
				046664D01EE09DD0009701B1 /* NMEA */,
				62BB32DA1D9DB45100310CF9 /* TCX */,
				9DFB69BE1FDD47D20010D5DE /* TRACK */,
				62BB32D81D9DAEE100310CF9 /* TrackTypeSpecs.swift */,
			);
			path = Tests;
			sourceTree = "<group>";
		};
		62BB32D31D9C29B600310CF9 /* GPX */ = {
			isa = PBXGroup;
			children = (
				6297A9BF1C99611400686120 /* GPXParserSpecs.swift */,
				04206A131E1668CD00B428C2 /* 1.0 */,
				04206A121E16686D00B428C2 /* 1.1 */,
			);
			path = GPX;
			sourceTree = "<group>";
		};
		62BB32DA1D9DB45100310CF9 /* TCX */ = {
			isa = PBXGroup;
			children = (
				042B2F871DA21F47003B5E7D /* TCXActivitySpecs.swift */,
				62BB32DD1D9E353100310CF9 /* TCXCommonSpecs.swift */,
				042B2F791DA18E51003B5E7D /* TCXCourseSpecs.swift */,
				62BB32DB1D9DB45D00310CF9 /* TCXParserSpecs.swift */,
			);
			path = TCX;
			sourceTree = "<group>";
		};
		9D27D20920029DF400031749 /* FIT */ = {
			isa = PBXGroup;
			children = (
				9D969724200AA2EE00C0061C /* Files */,
				9D8F1832200A45E2004CDECE /* FITGarminRunSpecs.swift */,
			);
			path = FIT;
			sourceTree = "<group>";
		};
		9D969724200AA2EE00C0061C /* Files */ = {
			isa = PBXGroup;
			children = (
				9D969725200AA2FB00C0061C /* Garmin Run.fit */,
			);
			path = Files;
			sourceTree = "<group>";
		};
		9DFB69BE1FDD47D20010D5DE /* TRACK */ = {
			isa = PBXGroup;
			children = (
				9DFB69BF1FDD47D20010D5DE /* TRACKParserSpecs.swift */,
				9DFB69C31FDD47D20010D5DE /* TRACKTrackSpecs.swift */,
			);
			path = TRACK;
			sourceTree = "<group>";
		};
		A359B82BC7B57415AD192386 /* Pods */ = {
			isa = PBXGroup;
			children = (
				C4C8C01305652FF95E8FF758 /* Pods-Tests.debug.xcconfig */,
				665F56686FD17F949265EFBE /* Pods-Tests.release.xcconfig */,
			);
			name = Pods;
			sourceTree = "<group>";
		};
/* End PBXGroup section */

/* Begin PBXNativeTarget section */
		607FACE41AFB9204008FA782 /* Tests */ = {
			isa = PBXNativeTarget;
			buildConfigurationList = 607FACF21AFB9204008FA782 /* Build configuration list for PBXNativeTarget "Tests" */;
			buildPhases = (
				6A773AB3AE8545ED323483AC /* [CP] Check Pods Manifest.lock */,
				607FACE11AFB9204008FA782 /* Sources */,
				607FACE21AFB9204008FA782 /* Frameworks */,
				607FACE31AFB9204008FA782 /* Resources */,
				D8AF8D2BA2F4052277F9E66A /* [CP] Embed Pods Frameworks */,
				A542C63400091AD2B1D3B07B /* [CP] Copy Pods Resources */,
			);
			buildRules = (
			);
			dependencies = (
			);
			name = Tests;
			productName = Tests;
			productReference = 607FACE51AFB9204008FA782 /* Tests.xctest */;
			productType = "com.apple.product-type.bundle.unit-test";
		};
/* End PBXNativeTarget section */

/* Begin PBXProject section */
		607FACC81AFB9204008FA782 /* Project object */ = {
			isa = PBXProject;
			attributes = {
				LastSwiftUpdateCheck = 0720;
				LastUpgradeCheck = 0910;
				ORGANIZATIONNAME = CocoaPods;
				TargetAttributes = {
					607FACE41AFB9204008FA782 = {
						CreatedOnToolsVersion = 6.3.1;
						DevelopmentTeam = 743AM63YFU;
						LastSwiftMigration = 0910;
					};
				};
			};
			buildConfigurationList = 607FACCB1AFB9204008FA782 /* Build configuration list for PBXProject "TrackKit" */;
			compatibilityVersion = "Xcode 3.2";
			developmentRegion = English;
			hasScannedForEncodings = 0;
			knownRegions = (
				en,
				Base,
			);
			mainGroup = 607FACC71AFB9204008FA782;
			productRefGroup = 607FACD11AFB9204008FA782 /* Products */;
			projectDirPath = "";
			projectRoot = "";
			targets = (
				607FACE41AFB9204008FA782 /* Tests */,
			);
		};
/* End PBXProject section */

/* Begin PBXResourcesBuildPhase section */
		607FACE31AFB9204008FA782 /* Resources */ = {
			isa = PBXResourcesBuildPhase;
			buildActionMask = 2147483647;
			files = (
				9D969726200AA2FB00C0061C /* Garmin Run.fit in Resources */,
			);
			runOnlyForDeploymentPostprocessing = 0;
		};
/* End PBXResourcesBuildPhase section */

/* Begin PBXShellScriptBuildPhase section */
		6A773AB3AE8545ED323483AC /* [CP] Check Pods Manifest.lock */ = {
			isa = PBXShellScriptBuildPhase;
			buildActionMask = 2147483647;
			files = (
			);
			inputPaths = (
				"${PODS_PODFILE_DIR_PATH}/Podfile.lock",
				"${PODS_ROOT}/Manifest.lock",
			);
			name = "[CP] Check Pods Manifest.lock";
			outputPaths = (
				"$(DERIVED_FILE_DIR)/Pods-Tests-checkManifestLockResult.txt",
			);
			runOnlyForDeploymentPostprocessing = 0;
			shellPath = /bin/sh;
			shellScript = "diff \"${PODS_PODFILE_DIR_PATH}/Podfile.lock\" \"${PODS_ROOT}/Manifest.lock\" > /dev/null\nif [ $? != 0 ] ; then\n    # print error to STDERR\n    echo \"error: The sandbox is not in sync with the Podfile.lock. Run 'pod install' or update your CocoaPods installation.\" >&2\n    exit 1\nfi\n# This output is used by Xcode 'outputs' to avoid re-running this script phase.\necho \"SUCCESS\" > \"${SCRIPT_OUTPUT_FILE_0}\"\n";
			showEnvVarsInLog = 0;
		};
		A542C63400091AD2B1D3B07B /* [CP] Copy Pods Resources */ = {
			isa = PBXShellScriptBuildPhase;
			buildActionMask = 2147483647;
			files = (
			);
			inputPaths = (
			);
			name = "[CP] Copy Pods Resources";
			outputPaths = (
			);
			runOnlyForDeploymentPostprocessing = 0;
			shellPath = /bin/sh;
			shellScript = "\"${SRCROOT}/Pods/Target Support Files/Pods-Tests/Pods-Tests-resources.sh\"\n";
			showEnvVarsInLog = 0;
		};
		D8AF8D2BA2F4052277F9E66A /* [CP] Embed Pods Frameworks */ = {
			isa = PBXShellScriptBuildPhase;
			buildActionMask = 2147483647;
			files = (
			);
			inputPaths = (
				"${SRCROOT}/Pods/Target Support Files/Pods-Tests/Pods-Tests-frameworks.sh",
				"${BUILT_PRODUCTS_DIR}/AEXML/AEXML.framework",
				"${BUILT_PRODUCTS_DIR}/Nimble/Nimble.framework",
				"${BUILT_PRODUCTS_DIR}/Quick/Quick.framework",
				"${PODS_ROOT}/../../Sources/Vendor/iOS/Fit.framework",
				"${BUILT_PRODUCTS_DIR}/TrackKit/TrackKit.framework",
			);
			name = "[CP] Embed Pods Frameworks";
			outputPaths = (
				"${TARGET_BUILD_DIR}/${FRAMEWORKS_FOLDER_PATH}/AEXML.framework",
				"${TARGET_BUILD_DIR}/${FRAMEWORKS_FOLDER_PATH}/Nimble.framework",
				"${TARGET_BUILD_DIR}/${FRAMEWORKS_FOLDER_PATH}/Quick.framework",
				"${TARGET_BUILD_DIR}/${FRAMEWORKS_FOLDER_PATH}/Fit.framework",
				"${TARGET_BUILD_DIR}/${FRAMEWORKS_FOLDER_PATH}/TrackKit.framework",
			);
			runOnlyForDeploymentPostprocessing = 0;
			shellPath = /bin/sh;
			shellScript = "\"${SRCROOT}/Pods/Target Support Files/Pods-Tests/Pods-Tests-frameworks.sh\"\n";
			showEnvVarsInLog = 0;
		};
/* End PBXShellScriptBuildPhase section */

/* Begin PBXSourcesBuildPhase section */
		607FACE11AFB9204008FA782 /* Sources */ = {
			isa = PBXSourcesBuildPhase;
			buildActionMask = 2147483647;
			files = (
				9DFB69C41FDD47D20010D5DE /* TRACKParserSpecs.swift in Sources */,
				04206A1C1E1668CD00B428C2 /* GPXLegacyTrackSpecs.swift in Sources */,
				042B2F7A1DA18E51003B5E7D /* TCXCourseSpecs.swift in Sources */,
				048429DE1EE58C950079488F /* NMEAGPGLLSpec.swift in Sources */,
				046664D21EE09DE7009701B1 /* NMEAParserSpec.swift in Sources */,
				04206A1B1E1668CD00B428C2 /* GPXLegacyRouteSpecs.swift in Sources */,
				62BB32D91D9DAEE100310CF9 /* TrackTypeSpecs.swift in Sources */,
				6297A9A21C98C36D00686120 /* GPXWaypointSpecs.swift in Sources */,
				042B2F881DA21F47003B5E7D /* TCXActivitySpecs.swift in Sources */,
				62BB32DE1D9E353100310CF9 /* TCXCommonSpecs.swift in Sources */,
				62BB32DC1D9DB45D00310CF9 /* TCXParserSpecs.swift in Sources */,
				048429E01EE681F70079488F /* NMEAGPWPLSpec.swift in Sources */,
				607FACEC1AFB9204008FA782 /* GPXCommonSpecs.swift in Sources */,
				6297A9C01C99611400686120 /* GPXParserSpecs.swift in Sources */,
				9D8F1833200A45E2004CDECE /* FITGarminRunSpecs.swift in Sources */,
				048429DC1EE57AC00079488F /* NMEAGPRMCSpec.swift in Sources */,
				04206A191E1668CD00B428C2 /* GPXLegacyCommonSpecs.swift in Sources */,
				04206A0A1E1657EF00B428C2 /* LOCWaypointSpecs.swift in Sources */,
				6297A9A51C98C4D500686120 /* GPXRouteSpecs.swift in Sources */,
				04206A1D1E1668CD00B428C2 /* GPXLegacyWaypointSpecs.swift in Sources */,
				9DFB69C81FDD47D20010D5DE /* TRACKTrackSpecs.swift in Sources */,
				04206A081E16560800B428C2 /* LOCCommonsSpecs.swift in Sources */,
				046664D61EE0BAE3009701B1 /* NMEAGPGGASpec.swift in Sources */,
				6297A9A71C98C69000686120 /* GPXTrackSpecs.swift in Sources */,
				04206A211E1670DD00B428C2 /* LOCParserSpecs.swift in Sources */,
			);
			runOnlyForDeploymentPostprocessing = 0;
		};
/* End PBXSourcesBuildPhase section */

/* Begin XCBuildConfiguration section */
		607FACED1AFB9204008FA782 /* Debug */ = {
			isa = XCBuildConfiguration;
			buildSettings = {
				ALWAYS_SEARCH_USER_PATHS = NO;
				CLANG_CXX_LANGUAGE_STANDARD = "gnu++0x";
				CLANG_CXX_LIBRARY = "libc++";
				CLANG_ENABLE_MODULES = YES;
				CLANG_ENABLE_OBJC_ARC = YES;
				CLANG_WARN_BLOCK_CAPTURE_AUTORELEASING = YES;
				CLANG_WARN_BOOL_CONVERSION = YES;
				CLANG_WARN_COMMA = YES;
				CLANG_WARN_CONSTANT_CONVERSION = YES;
				CLANG_WARN_DIRECT_OBJC_ISA_USAGE = YES_ERROR;
				CLANG_WARN_EMPTY_BODY = YES;
				CLANG_WARN_ENUM_CONVERSION = YES;
				CLANG_WARN_INFINITE_RECURSION = YES;
				CLANG_WARN_INT_CONVERSION = YES;
				CLANG_WARN_NON_LITERAL_NULL_CONVERSION = YES;
				CLANG_WARN_OBJC_LITERAL_CONVERSION = YES;
				CLANG_WARN_OBJC_ROOT_CLASS = YES_ERROR;
				CLANG_WARN_RANGE_LOOP_ANALYSIS = YES;
				CLANG_WARN_STRICT_PROTOTYPES = YES;
				CLANG_WARN_SUSPICIOUS_MOVE = YES;
				CLANG_WARN_UNREACHABLE_CODE = YES;
				CLANG_WARN__DUPLICATE_METHOD_MATCH = YES;
				"CODE_SIGN_IDENTITY[sdk=iphoneos*]" = "iPhone Developer";
				COPY_PHASE_STRIP = NO;
				DEBUG_INFORMATION_FORMAT = "dwarf-with-dsym";
				ENABLE_STRICT_OBJC_MSGSEND = YES;
				ENABLE_TESTABILITY = YES;
				GCC_C_LANGUAGE_STANDARD = gnu99;
				GCC_DYNAMIC_NO_PIC = NO;
				GCC_NO_COMMON_BLOCKS = YES;
				GCC_OPTIMIZATION_LEVEL = 0;
				GCC_PREPROCESSOR_DEFINITIONS = (
					"DEBUG=1",
					"$(inherited)",
				);
				GCC_SYMBOLS_PRIVATE_EXTERN = NO;
				GCC_WARN_64_TO_32_BIT_CONVERSION = YES;
				GCC_WARN_ABOUT_RETURN_TYPE = YES_ERROR;
				GCC_WARN_UNDECLARED_SELECTOR = YES;
				GCC_WARN_UNINITIALIZED_AUTOS = YES_AGGRESSIVE;
				GCC_WARN_UNUSED_FUNCTION = YES;
				GCC_WARN_UNUSED_VARIABLE = YES;
				IPHONEOS_DEPLOYMENT_TARGET = 9.0;
				MTL_ENABLE_DEBUG_INFO = YES;
				ONLY_ACTIVE_ARCH = YES;
				SDKROOT = iphoneos;
				SWIFT_OPTIMIZATION_LEVEL = "-Onone";
			};
			name = Debug;
		};
		607FACEE1AFB9204008FA782 /* Release */ = {
			isa = XCBuildConfiguration;
			buildSettings = {
				ALWAYS_SEARCH_USER_PATHS = NO;
				CLANG_CXX_LANGUAGE_STANDARD = "gnu++0x";
				CLANG_CXX_LIBRARY = "libc++";
				CLANG_ENABLE_MODULES = YES;
				CLANG_ENABLE_OBJC_ARC = YES;
				CLANG_WARN_BLOCK_CAPTURE_AUTORELEASING = YES;
				CLANG_WARN_BOOL_CONVERSION = YES;
				CLANG_WARN_COMMA = YES;
				CLANG_WARN_CONSTANT_CONVERSION = YES;
				CLANG_WARN_DIRECT_OBJC_ISA_USAGE = YES_ERROR;
				CLANG_WARN_EMPTY_BODY = YES;
				CLANG_WARN_ENUM_CONVERSION = YES;
				CLANG_WARN_INFINITE_RECURSION = YES;
				CLANG_WARN_INT_CONVERSION = YES;
				CLANG_WARN_NON_LITERAL_NULL_CONVERSION = YES;
				CLANG_WARN_OBJC_LITERAL_CONVERSION = YES;
				CLANG_WARN_OBJC_ROOT_CLASS = YES_ERROR;
				CLANG_WARN_RANGE_LOOP_ANALYSIS = YES;
				CLANG_WARN_STRICT_PROTOTYPES = YES;
				CLANG_WARN_SUSPICIOUS_MOVE = YES;
				CLANG_WARN_UNREACHABLE_CODE = YES;
				CLANG_WARN__DUPLICATE_METHOD_MATCH = YES;
				"CODE_SIGN_IDENTITY[sdk=iphoneos*]" = "iPhone Developer";
				COPY_PHASE_STRIP = NO;
				DEBUG_INFORMATION_FORMAT = "dwarf-with-dsym";
				ENABLE_NS_ASSERTIONS = NO;
				ENABLE_STRICT_OBJC_MSGSEND = YES;
				GCC_C_LANGUAGE_STANDARD = gnu99;
				GCC_NO_COMMON_BLOCKS = YES;
				GCC_WARN_64_TO_32_BIT_CONVERSION = YES;
				GCC_WARN_ABOUT_RETURN_TYPE = YES_ERROR;
				GCC_WARN_UNDECLARED_SELECTOR = YES;
				GCC_WARN_UNINITIALIZED_AUTOS = YES_AGGRESSIVE;
				GCC_WARN_UNUSED_FUNCTION = YES;
				GCC_WARN_UNUSED_VARIABLE = YES;
				IPHONEOS_DEPLOYMENT_TARGET = 9.0;
				MTL_ENABLE_DEBUG_INFO = NO;
				SDKROOT = iphoneos;
				SWIFT_OPTIMIZATION_LEVEL = "-Owholemodule";
				VALIDATE_PRODUCT = YES;
			};
			name = Release;
		};
		607FACF31AFB9204008FA782 /* Debug */ = {
			isa = XCBuildConfiguration;
			baseConfigurationReference = C4C8C01305652FF95E8FF758 /* Pods-Tests.debug.xcconfig */;
			buildSettings = {
				ALWAYS_EMBED_SWIFT_STANDARD_LIBRARIES = "$(inherited)";
				DEVELOPMENT_TEAM = 743AM63YFU;
				GCC_PREPROCESSOR_DEFINITIONS = (
					"DEBUG=1",
					"$(inherited)",
				);
				INFOPLIST_FILE = "Tests/Supporting Files/Info.plist";
				LD_RUNPATH_SEARCH_PATHS = "$(inherited) @executable_path/Frameworks @loader_path/Frameworks";
				PRODUCT_BUNDLE_IDENTIFIER = "org.cocoapods.$(PRODUCT_NAME:rfc1034identifier)";
				PRODUCT_NAME = "$(TARGET_NAME)";
				SWIFT_SWIFT3_OBJC_INFERENCE = Off;
				SWIFT_VERSION = 4.0;
			};
			name = Debug;
		};
		607FACF41AFB9204008FA782 /* Release */ = {
			isa = XCBuildConfiguration;
			baseConfigurationReference = 665F56686FD17F949265EFBE /* Pods-Tests.release.xcconfig */;
			buildSettings = {
				ALWAYS_EMBED_SWIFT_STANDARD_LIBRARIES = "$(inherited)";
				DEVELOPMENT_TEAM = 743AM63YFU;
				INFOPLIST_FILE = "Tests/Supporting Files/Info.plist";
				LD_RUNPATH_SEARCH_PATHS = "$(inherited) @executable_path/Frameworks @loader_path/Frameworks";
				PRODUCT_BUNDLE_IDENTIFIER = "org.cocoapods.$(PRODUCT_NAME:rfc1034identifier)";
				PRODUCT_NAME = "$(TARGET_NAME)";
				SWIFT_SWIFT3_OBJC_INFERENCE = Off;
				SWIFT_VERSION = 4.0;
			};
			name = Release;
		};
/* End XCBuildConfiguration section */

/* Begin XCConfigurationList section */
		607FACCB1AFB9204008FA782 /* Build configuration list for PBXProject "TrackKit" */ = {
			isa = XCConfigurationList;
			buildConfigurations = (
				607FACED1AFB9204008FA782 /* Debug */,
				607FACEE1AFB9204008FA782 /* Release */,
			);
			defaultConfigurationIsVisible = 0;
			defaultConfigurationName = Release;
		};
		607FACF21AFB9204008FA782 /* Build configuration list for PBXNativeTarget "Tests" */ = {
			isa = XCConfigurationList;
			buildConfigurations = (
				607FACF31AFB9204008FA782 /* Debug */,
				607FACF41AFB9204008FA782 /* Release */,
			);
			defaultConfigurationIsVisible = 0;
			defaultConfigurationName = Release;
		};
/* End XCConfigurationList section */
	};
	rootObject = 607FACC81AFB9204008FA782 /* Project object */;
}
